
Microsoft Visual Studio Solution File, Format Version 12.00
# Visual Studio Version 16
VisualStudioVersion = 16.0.28803.202
MinimumVisualStudioVersion = 10.0.40219.1
Project("{9A19103F-16F7-4668-BE54-9A1E7A4F7556}") = "AcceleratorMetrics", "AcceleratorMetrics\AcceleratorMetrics.csproj", "{7B65C29F-A925-44A5-8A64-2C74E46E8795}"
EndProject
Project("{E53339B2-1760-4266-BCC7-CA923CBCF16C}") = "docker-compose", "docker-compose.dcproj", "{09E94FB9-CEEE-48B3-9B32-DBC16111F173}"
EndProject
Project("{FAE04EC0-301F-11D3-BF4B-00C04F79EFBC}") = "AcceleratorMetrics.Test", "..\AcceleratorMetrics.Test\AcceleratorMetrics.Test.csproj", "{BF151C61-06F3-44B6-B364-7AAF19F51E0E}"
EndProject
Global
	GlobalSection(SolutionConfigurationPlatforms) = preSolution
		Debug|Any CPU = Debug|Any CPU
		Release|Any CPU = Release|Any CPU
	EndGlobalSection
	GlobalSection(ProjectConfigurationPlatforms) = postSolution
		{7B65C29F-A925-44A5-8A64-2C74E46E8795}.Debug|Any CPU.ActiveCfg = Debug|Any CPU
		{7B65C29F-A925-44A5-8A64-2C74E46E8795}.Debug|Any CPU.Build.0 = Debug|Any CPU
		{7B65C29F-A925-44A5-8A64-2C74E46E8795}.Release|Any CPU.ActiveCfg = Release|Any CPU
		{7B65C29F-A925-44A5-8A64-2C74E46E8795}.Release|Any CPU.Build.0 = Release|Any CPU
		{09E94FB9-CEEE-48B3-9B32-DBC16111F173}.Debug|Any CPU.ActiveCfg = Debug|Any CPU
		{09E94FB9-CEEE-48B3-9B32-DBC16111F173}.Debug|Any CPU.Build.0 = Debug|Any CPU
		{09E94FB9-CEEE-48B3-9B32-DBC16111F173}.Release|Any CPU.ActiveCfg = Release|Any CPU
		{09E94FB9-CEEE-48B3-9B32-DBC16111F173}.Release|Any CPU.Build.0 = Release|Any CPU
		{BF151C61-06F3-44B6-B364-7AAF19F51E0E}.Debug|Any CPU.ActiveCfg = Debug|Any CPU
		{BF151C61-06F3-44B6-B364-7AAF19F51E0E}.Debug|Any CPU.Build.0 = Debug|Any CPU
		{BF151C61-06F3-44B6-B364-7AAF19F51E0E}.Release|Any CPU.ActiveCfg = Release|Any CPU
		{BF151C61-06F3-44B6-B364-7AAF19F51E0E}.Release|Any CPU.Build.0 = Release|Any CPU
	EndGlobalSection
	GlobalSection(SolutionProperties) = preSolution
		HideSolutionNode = FALSE
	EndGlobalSection
	GlobalSection(ExtensibilityGlobals) = postSolution
		SolutionGuid = {91861E73-0FF9-4206-9A6F-63F02CCA215C}
	EndGlobalSection
EndGlobal
